// !$*UTF8*$!
{
	archiveVersion = 1;
	classes = {
	};
	objectVersion = 46;
	objects = {

/* Begin PBXBuildFile section */
		C41E32B21A8EAE75004F55FD /* AppDelegate.swift in Sources */ = {isa = PBXBuildFile; fileRef = C41E32B11A8EAE75004F55FD /* AppDelegate.swift */; };
		C41E32B51A8EAE75004F55FD /* Stepper.xcdatamodeld in Sources */ = {isa = PBXBuildFile; fileRef = C41E32B31A8EAE75004F55FD /* Stepper.xcdatamodeld */; };
		C41E32B71A8EAE75004F55FD /* ViewController.swift in Sources */ = {isa = PBXBuildFile; fileRef = C41E32B61A8EAE75004F55FD /* ViewController.swift */; };
		C41E32BA1A8EAE75004F55FD /* Main.storyboard in Resources */ = {isa = PBXBuildFile; fileRef = C41E32B81A8EAE75004F55FD /* Main.storyboard */; };
		C41E32BC1A8EAE75004F55FD /* Images.xcassets in Resources */ = {isa = PBXBuildFile; fileRef = C41E32BB1A8EAE75004F55FD /* Images.xcassets */; };
		C41E32BF1A8EAE75004F55FD /* LaunchScreen.xib in Resources */ = {isa = PBXBuildFile; fileRef = C41E32BD1A8EAE75004F55FD /* LaunchScreen.xib */; };
		C41E32CB1A8EAE75004F55FD /* StepperTests.swift in Sources */ = {isa = PBXBuildFile; fileRef = C41E32CA1A8EAE75004F55FD /* StepperTests.swift */; };
/* End PBXBuildFile section */

/* Begin PBXContainerItemProxy section */
		C41E32C51A8EAE75004F55FD /* PBXContainerItemProxy */ = {
			isa = PBXContainerItemProxy;
			containerPortal = C41E32A41A8EAE75004F55FD /* Project object */;
			proxyType = 1;
			remoteGlobalIDString = C41E32AB1A8EAE75004F55FD;
			remoteInfo = Stepper;
		};
/* End PBXContainerItemProxy section */

/* Begin PBXFileReference section */
		C41E32AC1A8EAE75004F55FD /* Stepper.app */ = {isa = PBXFileReference; explicitFileType = wrapper.application; includeInIndex = 0; path = Stepper.app; sourceTree = BUILT_PRODUCTS_DIR; };
		C41E32B01A8EAE75004F55FD /* Info.plist */ = {isa = PBXFileReference; lastKnownFileType = text.plist.xml; path = Info.plist; sourceTree = "<group>"; };
		C41E32B11A8EAE75004F55FD /* AppDelegate.swift */ = {isa = PBXFileReference; lastKnownFileType = sourcecode.swift; path = AppDelegate.swift; sourceTree = "<group>"; };
		C41E32B41A8EAE75004F55FD /* Stepper.xcdatamodel */ = {isa = PBXFileReference; lastKnownFileType = wrapper.xcdatamodel; path = Stepper.xcdatamodel; sourceTree = "<group>"; };
		C41E32B61A8EAE75004F55FD /* ViewController.swift */ = {isa = PBXFileReference; lastKnownFileType = sourcecode.swift; path = ViewController.swift; sourceTree = "<group>"; };
		C41E32B91A8EAE75004F55FD /* Base */ = {isa = PBXFileReference; lastKnownFileType = file.storyboard; name = Base; path = Base.lproj/Main.storyboard; sourceTree = "<group>"; };
		C41E32BB1A8EAE75004F55FD /* Images.xcassets */ = {isa = PBXFileReference; lastKnownFileType = folder.assetcatalog; path = Images.xcassets; sourceTree = "<group>"; };
		C41E32BE1A8EAE75004F55FD /* Base */ = {isa = PBXFileReference; lastKnownFileType = file.xib; name = Base; path = Base.lproj/LaunchScreen.xib; sourceTree = "<group>"; };
		C41E32C41A8EAE75004F55FD /* StepperTests.xctest */ = {isa = PBXFileReference; explicitFileType = wrapper.cfbundle; includeInIndex = 0; path = StepperTests.xctest; sourceTree = BUILT_PRODUCTS_DIR; };
		C41E32C91A8EAE75004F55FD /* Info.plist */ = {isa = PBXFileReference; lastKnownFileType = text.plist.xml; path = Info.plist; sourceTree = "<group>"; };
		C41E32CA1A8EAE75004F55FD /* StepperTests.swift */ = {isa = PBXFileReference; lastKnownFileType = sourcecode.swift; path = StepperTests.swift; sourceTree = "<group>"; };
/* End PBXFileReference section */

/* Begin PBXFrameworksBuildPhase section */
		C41E32A91A8EAE75004F55FD /* Frameworks */ = {
			isa = PBXFrameworksBuildPhase;
			buildActionMask = 2147483647;
			files = (
			);
			runOnlyForDeploymentPostprocessing = 0;
		};
		C41E32C11A8EAE75004F55FD /* Frameworks */ = {
			isa = PBXFrameworksBuildPhase;
			buildActionMask = 2147483647;
			files = (
			);
			runOnlyForDeploymentPostprocessing = 0;
		};
/* End PBXFrameworksBuildPhase section */

/* Begin PBXGroup section */
		C41E32A31A8EAE75004F55FD = {
			isa = PBXGroup;
			children = (
				C41E32AE1A8EAE75004F55FD /* Stepper */,
				C41E32C71A8EAE75004F55FD /* StepperTests */,
				C41E32AD1A8EAE75004F55FD /* Products */,
			);
			sourceTree = "<group>";
		};
		C41E32AD1A8EAE75004F55FD /* Products */ = {
			isa = PBXGroup;
			children = (
				C41E32AC1A8EAE75004F55FD /* Stepper.app */,
				C41E32C41A8EAE75004F55FD /* StepperTests.xctest */,
			);
			name = Products;
			sourceTree = "<group>";
		};
		C41E32AE1A8EAE75004F55FD /* Stepper */ = {
			isa = PBXGroup;
			children = (
				C41E32B11A8EAE75004F55FD /* AppDelegate.swift */,
				C41E32B61A8EAE75004F55FD /* ViewController.swift */,
				C41E32B81A8EAE75004F55FD /* Main.storyboard */,
				C41E32BB1A8EAE75004F55FD /* Images.xcassets */,
				C41E32BD1A8EAE75004F55FD /* LaunchScreen.xib */,
				C41E32B31A8EAE75004F55FD /* Stepper.xcdatamodeld */,
				C41E32AF1A8EAE75004F55FD /* Supporting Files */,
			);
			path = Stepper;
			sourceTree = "<group>";
		};
		C41E32AF1A8EAE75004F55FD /* Supporting Files */ = {
			isa = PBXGroup;
			children = (
				C41E32B01A8EAE75004F55FD /* Info.plist */,
			);
			name = "Supporting Files";
			sourceTree = "<group>";
		};
		C41E32C71A8EAE75004F55FD /* StepperTests */ = {
			isa = PBXGroup;
			children = (
				C41E32CA1A8EAE75004F55FD /* StepperTests.swift */,
				C41E32C81A8EAE75004F55FD /* Supporting Files */,
			);
			path = StepperTests;
			sourceTree = "<group>";
		};
		C41E32C81A8EAE75004F55FD /* Supporting Files */ = {
			isa = PBXGroup;
			children = (
				C41E32C91A8EAE75004F55FD /* Info.plist */,
			);
			name = "Supporting Files";
			sourceTree = "<group>";
		};
/* End PBXGroup section */

/* Begin PBXNativeTarget section */
		C41E32AB1A8EAE75004F55FD /* Stepper */ = {
			isa = PBXNativeTarget;
			buildConfigurationList = C41E32CE1A8EAE75004F55FD /* Build configuration list for PBXNativeTarget "Stepper" */;
			buildPhases = (
				C41E32A81A8EAE75004F55FD /* Sources */,
				C41E32A91A8EAE75004F55FD /* Frameworks */,
				C41E32AA1A8EAE75004F55FD /* Resources */,
			);
			buildRules = (
			);
			dependencies = (
			);
			name = Stepper;
			productName = Stepper;
			productReference = C41E32AC1A8EAE75004F55FD /* Stepper.app */;
			productType = "com.apple.product-type.application";
		};
		C41E32C31A8EAE75004F55FD /* StepperTests */ = {
			isa = PBXNativeTarget;
			buildConfigurationList = C41E32D11A8EAE75004F55FD /* Build configuration list for PBXNativeTarget "StepperTests" */;
			buildPhases = (
				C41E32C01A8EAE75004F55FD /* Sources */,
				C41E32C11A8EAE75004F55FD /* Frameworks */,
				C41E32C21A8EAE75004F55FD /* Resources */,
			);
			buildRules = (
			);
			dependencies = (
				C41E32C61A8EAE75004F55FD /* PBXTargetDependency */,
			);
			name = StepperTests;
			productName = StepperTests;
			productReference = C41E32C41A8EAE75004F55FD /* StepperTests.xctest */;
			productType = "com.apple.product-type.bundle.unit-test";
		};
/* End PBXNativeTarget section */

/* Begin PBXProject section */
		C41E32A41A8EAE75004F55FD /* Project object */ = {
			isa = PBXProject;
			attributes = {
				LastUpgradeCheck = 0610;
				ORGANIZATIONNAME = "Remis-Tsao";
				TargetAttributes = {
					C41E32AB1A8EAE75004F55FD = {
						CreatedOnToolsVersion = 6.1.1;
					};
					C41E32C31A8EAE75004F55FD = {
						CreatedOnToolsVersion = 6.1.1;
						TestTargetID = C41E32AB1A8EAE75004F55FD;
					};
				};
			};
			buildConfigurationList = C41E32A71A8EAE75004F55FD /* Build configuration list for PBXProject "Stepper" */;
			compatibilityVersion = "Xcode 3.2";
			developmentRegion = English;
			hasScannedForEncodings = 0;
			knownRegions = (
				en,
				Base,
			);
			mainGroup = C41E32A31A8EAE75004F55FD;
			productRefGroup = C41E32AD1A8EAE75004F55FD /* Products */;
			projectDirPath = "";
			projectRoot = "";
			targets = (
				C41E32AB1A8EAE75004F55FD /* Stepper */,
				C41E32C31A8EAE75004F55FD /* StepperTests */,
			);
		};
/* End PBXProject section */

/* Begin PBXResourcesBuildPhase section */
		C41E32AA1A8EAE75004F55FD /* Resources */ = {
			isa = PBXResourcesBuildPhase;
			buildActionMask = 2147483647;
			files = (
				C41E32BA1A8EAE75004F55FD /* Main.storyboard in Resources */,
				C41E32BF1A8EAE75004F55FD /* LaunchScreen.xib in Resources */,
				C41E32BC1A8EAE75004F55FD /* Images.xcassets in Resources */,
			);
			runOnlyForDeploymentPostprocessing = 0;
		};
		C41E32C21A8EAE75004F55FD /* Resources */ = {
			isa = PBXResourcesBuildPhase;
			buildActionMask = 2147483647;
			files = (
			);
			runOnlyForDeploymentPostprocessing = 0;
		};
/* End PBXResourcesBuildPhase section */

/* Begin PBXSourcesBuildPhase section */
		C41E32A81A8EAE75004F55FD /* Sources */ = {
			isa = PBXSourcesBuildPhase;
			buildActionMask = 2147483647;
			files = (
				C41E32B71A8EAE75004F55FD /* ViewController.swift in Sources */,
				C41E32B21A8EAE75004F55FD /* AppDelegate.swift in Sources */,
				C41E32B51A8EAE75004F55FD /* Stepper.xcdatamodeld in Sources */,
			);
			runOnlyForDeploymentPostprocessing = 0;
		};
		C41E32C01A8EAE75004F55FD /* Sources */ = {
			isa = PBXSourcesBuildPhase;
			buildActionMask = 2147483647;
			files = (
				C41E32CB1A8EAE75004F55FD /* StepperTests.swift in Sources */,
			);
			runOnlyForDeploymentPostprocessing = 0;
		};
/* End PBXSourcesBuildPhase section */

/* Begin PBXTargetDependency section */
		C41E32C61A8EAE75004F55FD /* PBXTargetDependency */ = {
			isa = PBXTargetDependency;
			target = C41E32AB1A8EAE75004F55FD /* Stepper */;
			targetProxy = C41E32C51A8EAE75004F55FD /* PBXContainerItemProxy */;
		};
/* End PBXTargetDependency section */

/* Begin PBXVariantGroup section */
		C41E32B81A8EAE75004F55FD /* Main.storyboard */ = {
			isa = PBXVariantGroup;
			children = (
				C41E32B91A8EAE75004F55FD /* Base */,
			);
			name = Main.storyboard;
			sourceTree = "<group>";
		};
		C41E32BD1A8EAE75004F55FD /* LaunchScreen.xib */ = {
			isa = PBXVariantGroup;
			children = (
				C41E32BE1A8EAE75004F55FD /* Base */,
			);
			name = LaunchScreen.xib;
			sourceTree = "<group>";
		};
/* End PBXVariantGroup section */

/* Begin XCBuildConfiguration section */
		C41E32CC1A8EAE75004F55FD /* Debug */ = {
			isa = XCBuildConfiguration;
			buildSettings = {
				ALWAYS_SEARCH_USER_PATHS = NO;
				CLANG_CXX_LANGUAGE_STANDARD = "gnu++0x";
				CLANG_CXX_LIBRARY = "libc++";
				CLANG_ENABLE_MODULES = YES;
				CLANG_ENABLE_OBJC_ARC = YES;
				CLANG_WARN_BOOL_CONVERSION = YES;
				CLANG_WARN_CONSTANT_CONVERSION = YES;
				CLANG_WARN_DIRECT_OBJC_ISA_USAGE = YES_ERROR;
				CLANG_WARN_EMPTY_BODY = YES;
				CLANG_WARN_ENUM_CONVERSION = YES;
				CLANG_WARN_INT_CONVERSION = YES;
				CLANG_WARN_OBJC_ROOT_CLASS = YES_ERROR;
				CLANG_WARN_UNREACHABLE_CODE = YES;
				CLANG_WARN__DUPLICATE_METHOD_MATCH = YES;
				"CODE_SIGN_IDENTITY[sdk=iphoneos*]" = "iPhone Developer";
				COPY_PHASE_STRIP = NO;
				ENABLE_STRICT_OBJC_MSGSEND = YES;
				GCC_C_LANGUAGE_STANDARD = gnu99;
				GCC_DYNAMIC_NO_PIC = NO;
				GCC_OPTIMIZATION_LEVEL = 0;
				GCC_PREPROCESSOR_DEFINITIONS = (
					"DEBUG=1",
					"$(inherited)",
				);
				GCC_SYMBOLS_PRIVATE_EXTERN = NO;
				GCC_WARN_64_TO_32_BIT_CONVERSION = YES;
				GCC_WARN_ABOUT_RETURN_TYPE = YES_ERROR;
				GCC_WARN_UNDECLARED_SELECTOR = YES;
				GCC_WARN_UNINITIALIZED_AUTOS = YES_AGGRESSIVE;
				GCC_WARN_UNUSED_FUNCTION = YES;
				GCC_WARN_UNUSED_VARIABLE = YES;
				IPHONEOS_DEPLOYMENT_TARGET = 8.1;
				MTL_ENABLE_DEBUG_INFO = YES;
				ONLY_ACTIVE_ARCH = YES;
				SDKROOT = iphoneos;
				SWIFT_OPTIMIZATION_LEVEL = "-Onone";
			};
			name = Debug;
		};
		C41E32CD1A8EAE75004F55FD /* Release */ = {
			isa = XCBuildConfiguration;
			buildSettings = {
				ALWAYS_SEARCH_USER_PATHS = NO;
				CLANG_CXX_LANGUAGE_STANDARD = "gnu++0x";
				CLANG_CXX_LIBRARY = "libc++";
				CLANG_ENABLE_MODULES = YES;
				CLANG_ENABLE_OBJC_ARC = YES;
				CLANG_WARN_BOOL_CONVERSION = YES;
				CLANG_WARN_CONSTANT_CONVERSION = YES;
				CLANG_WARN_DIRECT_OBJC_ISA_USAGE = YES_ERROR;
				CLANG_WARN_EMPTY_BODY = YES;
				CLANG_WARN_ENUM_CONVERSION = YES;
				CLANG_WARN_INT_CONVERSION = YES;
				CLANG_WARN_OBJC_ROOT_CLASS = YES_ERROR;
				CLANG_WARN_UNREACHABLE_CODE = YES;
				CLANG_WARN__DUPLICATE_METHOD_MATCH = YES;
				"CODE_SIGN_IDENTITY[sdk=iphoneos*]" = "iPhone Developer";
				COPY_PHASE_STRIP = YES;
				ENABLE_NS_ASSERTIONS = NO;
				ENABLE_STRICT_OBJC_MSGSEND = YES;
				GCC_C_LANGUAGE_STANDARD = gnu99;
				GCC_WARN_64_TO_32_BIT_CONVERSION = YES;
				GCC_WARN_ABOUT_RETURN_TYPE = YES_ERROR;
				GCC_WARN_UNDECLARED_SELECTOR = YES;
				GCC_WARN_UNINITIALIZED_AUTOS = YES_AGGRESSIVE;
				GCC_WARN_UNUSED_FUNCTION = YES;
				GCC_WARN_UNUSED_VARIABLE = YES;
				IPHONEOS_DEPLOYMENT_TARGET = 8.1;
				MTL_ENABLE_DEBUG_INFO = NO;
				SDKROOT = iphoneos;
				VALIDATE_PRODUCT = YES;
			};
			name = Release;
		};
		C41E32CF1A8EAE75004F55FD /* Debug */ = {
			isa = XCBuildConfiguration;
			buildSettings = {
				ASSETCATALOG_COMPILER_APPICON_NAME = AppIcon;
				INFOPLIST_FILE = Stepper/Info.plist;
				LD_RUNPATH_SEARCH_PATHS = "$(inherited) @executable_path/Frameworks";
				PRODUCT_NAME = "$(TARGET_NAME)";
			};
			name = Debug;
		};
		C41E32D01A8EAE75004F55FD /* Release */ = {
			isa = XCBuildConfiguration;
			buildSettings = {
				ASSETCATALOG_COMPILER_APPICON_NAME = AppIcon;
				INFOPLIST_FILE = Stepper/Info.plist;
				LD_RUNPATH_SEARCH_PATHS = "$(inherited) @executable_path/Frameworks";
				PRODUCT_NAME = "$(TARGET_NAME)";
			};
			name = Release;
		};
		C41E32D21A8EAE75004F55FD /* Debug */ = {
			isa = XCBuildConfiguration;
			buildSettings = {
				BUNDLE_LOADER = "$(TEST_HOST)";
				FRAMEWORK_SEARCH_PATHS = (
					"$(SDKROOT)/Developer/Library/Frameworks",
					"$(inherited)",
				);
				GCC_PREPROCESSOR_DEFINITIONS = (
					"DEBUG=1",
					"$(inherited)",
				);
				INFOPLIST_FILE = StepperTests/Info.plist;
				LD_RUNPATH_SEARCH_PATHS = "$(inherited) @executable_path/Frameworks @loader_path/Frameworks";
				PRODUCT_NAME = "$(TARGET_NAME)";
				TEST_HOST = "$(BUILT_PRODUCTS_DIR)/Stepper.app/Stepper";
			};
			name = Debug;
		};
		C41E32D31A8EAE75004F55FD /* Release */ = {
			isa = XCBuildConfiguration;
			buildSettings = {
				BUNDLE_LOADER = "$(TEST_HOST)";
				FRAMEWORK_SEARCH_PATHS = (
					"$(SDKROOT)/Developer/Library/Frameworks",
					"$(inherited)",
				);
				INFOPLIST_FILE = StepperTests/Info.plist;
				LD_RUNPATH_SEARCH_PATHS = "$(inherited) @executable_path/Frameworks @loader_path/Frameworks";
				PRODUCT_NAME = "$(TARGET_NAME)";
				TEST_HOST = "$(BUILT_PRODUCTS_DIR)/Stepper.app/Stepper";
			};
			name = Release;
		};
/* End XCBuildConfiguration section */

/* Begin XCConfigurationList section */
		C41E32A71A8EAE75004F55FD /* Build configuration list for PBXProject "Stepper" */ = {
			isa = XCConfigurationList;
			buildConfigurations = (
				C41E32CC1A8EAE75004F55FD /* Debug */,
				C41E32CD1A8EAE75004F55FD /* Release */,
			);
			defaultConfigurationIsVisible = 0;
			defaultConfigurationName = Release;
		};
		C41E32CE1A8EAE75004F55FD /* Build configuration list for PBXNativeTarget "Stepper" */ = {
			isa = XCConfigurationList;
			buildConfigurations = (
				C41E32CF1A8EAE75004F55FD /* Debug */,
				C41E32D01A8EAE75004F55FD /* Release */,
			);
			defaultConfigurationIsVisible = 0;
		};
		C41E32D11A8EAE75004F55FD /* Build configuration list for PBXNativeTarget "StepperTests" */ = {
			isa = XCConfigurationList;
			buildConfigurations = (
				C41E32D21A8EAE75004F55FD /* Debug */,
				C41E32D31A8EAE75004F55FD /* Release */,
			);
			defaultConfigurationIsVisible = 0;
		};
/* End XCConfigurationList section */

/* Begin XCVersionGroup section */
		C41E32B31A8EAE75004F55FD /* Stepper.xcdatamodeld */ = {
			isa = XCVersionGroup;
			children = (
				C41E32B41A8EAE75004F55FD /* Stepper.xcdatamodel */,
			);
			currentVersion = C41E32B41A8EAE75004F55FD /* Stepper.xcdatamodel */;
			path = Stepper.xcdatamodeld;
			sourceTree = "<group>";
			versionGroupType = wrapper.xcdatamodel;
		};
/* End XCVersionGroup section */
	};
	rootObject = C41E32A41A8EAE75004F55FD /* Project object */;
}
